
Microsoft Visual Studio Solution File, Format Version 12.00
# Visual Studio Version 16
VisualStudioVersion = 16.0.30114.105
MinimumVisualStudioVersion = 10.0.40219.1
Project("{2150E333-8FDC-42A3-9474-1A3956D46DE8}") = "src", "src", "{7889710C-DDFD-4BE6-9182-2BD0A3482B03}"
EndProject
Project("{FAE04EC0-301F-11D3-BF4B-00C04F79EFBC}") = "PolymorphicDotnetJson", "src\PolymorphicDotnetJson\PolymorphicDotnetJson.csproj", "{9F6BACEE-A54A-448B-8329-165C6718CE3B}"
EndProject
Project("{2150E333-8FDC-42A3-9474-1A3956D46DE8}") = "tests", "tests", "{630878D1-4F9B-46D5-8076-A9D8A4C5077B}"
EndProject
Project("{FAE04EC0-301F-11D3-BF4B-00C04F79EFBC}") = "PolymorphicDotnetJson.Tests", "tests\PolymorphicDotnetJson.Tests\PolymorphicDotnetJson.Tests.csproj", "{673C02CD-2E33-4865-B227-A0BE7C30C0FB}"
EndProject
Global
	GlobalSection(SolutionConfigurationPlatforms) = preSolution
		Debug|Any CPU = Debug|Any CPU
		Release|Any CPU = Release|Any CPU
	EndGlobalSection
	GlobalSection(SolutionProperties) = preSolution
		HideSolutionNode = FALSE
	EndGlobalSection
	GlobalSection(ProjectConfigurationPlatforms) = postSolution
		{9F6BACEE-A54A-448B-8329-165C6718CE3B}.Debug|Any CPU.ActiveCfg = Debug|Any CPU
		{9F6BACEE-A54A-448B-8329-165C6718CE3B}.Debug|Any CPU.Build.0 = Debug|Any CPU
		{9F6BACEE-A54A-448B-8329-165C6718CE3B}.Release|Any CPU.ActiveCfg = Release|Any CPU
		{9F6BACEE-A54A-448B-8329-165C6718CE3B}.Release|Any CPU.Build.0 = Release|Any CPU
		{673C02CD-2E33-4865-B227-A0BE7C30C0FB}.Debug|Any CPU.ActiveCfg = Debug|Any CPU
		{673C02CD-2E33-4865-B227-A0BE7C30C0FB}.Debug|Any CPU.Build.0 = Debug|Any CPU
		{673C02CD-2E33-4865-B227-A0BE7C30C0FB}.Release|Any CPU.ActiveCfg = Release|Any CPU
		{673C02CD-2E33-4865-B227-A0BE7C30C0FB}.Release|Any CPU.Build.0 = Release|Any CPU
	EndGlobalSection
	GlobalSection(NestedProjects) = preSolution
		{9F6BACEE-A54A-448B-8329-165C6718CE3B} = {7889710C-DDFD-4BE6-9182-2BD0A3482B03}
		{673C02CD-2E33-4865-B227-A0BE7C30C0FB} = {630878D1-4F9B-46D5-8076-A9D8A4C5077B}
	EndGlobalSection
EndGlobal
